{
  "name": "libs",
  "lockfileVersion": 2,
  "requires": true,
  "packages": {
    "": {
      "dependencies": {
        "sam-test-data": "^0.0.5"
      }
    },
    "node_modules/sam-test-data": {
      "version": "0.0.5",
      "resolved": "https://registry.npmmirror.com/sam-test-data/-/sam-test-data-0.0.5.tgz",
      "integrity": "sha512-+w3IvCKm0+dmBIEoq1cSKWjTywywHOxdEYo3d49PAlZeyIzsEJWmbaa4QvohW8d+eJN0e9h8EuDyXkYaa7aPbw=="
    }
  },
  "dependencies": {
    "sam-test-data": {
      "version": "0.0.5",
      "resolved": "https://registry.npmmirror.com/sam-test-data/-/sam-test-data-0.0.5.tgz",
      "integrity": "sha512-+w3IvCKm0+dmBIEoq1cSKWjTywywHOxdEYo3d49PAlZeyIzsEJWmbaa4QvohW8d+eJN0e9h8EuDyXkYaa7aPbw=="
    }
  }
}
